<?xml version="1.0" encoding="utf-8"?>
<Project ToolsVersion="4.0" xmlns="http://schemas.microsoft.com/developer/msbuild/2003">
  <ItemGroup>
    <Filter Include="소스 파일">
      <UniqueIdentifier>{4FC737F1-C7A5-4376-A066-2A32D752A2FF}</UniqueIdentifier>
      <Extensions>cpp;c;cc;cxx;c++;cppm;ixx;def;odl;idl;hpj;bat;asm;asmx</Extensions>
    </Filter>
    <Filter Include="헤더 파일">
      <UniqueIdentifier>{93995380-89BD-4b04-88EB-625FBE52EBFB}</UniqueIdentifier>
      <Extensions>h;hh;hpp;hxx;h++;hm;inl;inc;ipp;xsd</Extensions>
    </Filter>
    <Filter Include="리소스 파일">
      <UniqueIdentifier>{67DA6AB6-F800-4c08-8B7A-83BB121AAD01}</UniqueIdentifier>
      <Extensions>rc;ico;cur;bmp;dlg;rc2;rct;bin;rgs;gif;jpg;jpeg;jpe;resx;tiff;tif;png;wav;mfcribbon-ms</Extensions>
    </Filter>
    <Filter Include="소스 파일\로그">
      <UniqueIdentifier>{bd6bc94e-4076-4dee-be26-442262b7219f}</UniqueIdentifier>
    </Filter>
    <Filter Include="헤더 파일\로그">
      <UniqueIdentifier>{01c13f53-9a93-46c3-8ef6-ace8cfcd1593}</UniqueIdentifier>
    </Filter>
    <Filter Include="헤더 파일\OpenCV">
      <UniqueIdentifier>{37a7418a-290a-4c8e-bcf8-0b06d431ce0a}</UniqueIdentifier>
    </Filter>
    <Filter Include="소스 파일\OpenCV">
      <UniqueIdentifier>{6327e6e2-4040-4159-b232-2195b937c591}</UniqueIdentifier>
    </Filter>
  </ItemGroup>
  <ItemGroup>
    <ClInclude Include="OpenCV_MFC.h">
      <Filter>헤더 파일</Filter>
    </ClInclude>
    <ClInclude Include="OpenCV_MFCDlg.h">
      <Filter>헤더 파일</Filter>
    </ClInclude>
    <ClInclude Include="framework.h">
      <Filter>헤더 파일</Filter>
    </ClInclude>
    <ClInclude Include="targetver.h">
      <Filter>헤더 파일</Filter>
    </ClInclude>
    <ClInclude Include="Resource.h">
      <Filter>헤더 파일</Filter>
    </ClInclude>
    <ClInclude Include="pch.h">
      <Filter>헤더 파일</Filter>
    </ClInclude>
    <ClInclude Include="CLASS_LOG.h">
      <Filter>헤더 파일\로그</Filter>
    </ClInclude>
    <ClInclude Include="OpencvMat.h">
      <Filter>헤더 파일\OpenCV</Filter>
    </ClInclude>
  </ItemGroup>
  <ItemGroup>
    <ClCompile Include="OpenCV_MFCDlg.cpp">
      <Filter>소스 파일</Filter>
    </ClCompile>
    <ClCompile Include="pch.cpp">
      <Filter>소스 파일</Filter>
    </ClCompile>
    <ClCompile Include="CLASS_LOG.cpp">
      <Filter>소스 파일\로그</Filter>
    </ClCompile>
    <ClCompile Include="OpenCV_MFC.cpp">
      <Filter>소스 파일</Filter>
    </ClCompile>
    <ClCompile Include="OpencvMat.cpp">
      <Filter>소스 파일\OpenCV</Filter>
    </ClCompile>
  </ItemGroup>
  <ItemGroup>
    <ResourceCompile Include="OpenCVMFC.rc">
      <Filter>리소스 파일</Filter>
    </ResourceCompile>
  </ItemGroup>
  <ItemGroup>
    <None Include="res\OpenCVMFC.rc2">
      <Filter>리소스 파일</Filter>
    </None>
  </ItemGroup>
  <ItemGroup>
    <Image Include="res\OpenCV_MFC.ico">
      <Filter>리소스 파일</Filter>
    </Image>
    <Image Include="res\aloeL.jpg">
      <Filter>리소스 파일</Filter>
    </Image>
  </ItemGroup>
</Project>